
Microsoft Visual Studio Solution File, Format Version 12.00
# Visual Studio 15
VisualStudioVersion = 15.0.27703.2026
MinimumVisualStudioVersion = 10.0.40219.1
Project("{FAE04EC0-301F-11D3-BF4B-00C04F79EFBC}") = "ProyectoX", "ProyectoX\ProyectoX.csproj", "{B7705B84-3869-4478-BA2C-9D7C3A201BD1}"
EndProject
Project("{FAE04EC0-301F-11D3-BF4B-00C04F79EFBC}") = "ProyectoX.Tests", "ProyectoX.Tests\ProyectoX.Tests.csproj", "{BDE3E79C-DFDE-4AEC-920C-10A497D98888}"
EndProject
Global
	GlobalSection(SolutionConfigurationPlatforms) = preSolution
		Debug|Any CPU = Debug|Any CPU
		Release|Any CPU = Release|Any CPU
	EndGlobalSection
	GlobalSection(ProjectConfigurationPlatforms) = postSolution
		{B7705B84-3869-4478-BA2C-9D7C3A201BD1}.Debug|Any CPU.ActiveCfg = Debug|Any CPU
		{B7705B84-3869-4478-BA2C-9D7C3A201BD1}.Debug|Any CPU.Build.0 = Debug|Any CPU
		{B7705B84-3869-4478-BA2C-9D7C3A201BD1}.Release|Any CPU.ActiveCfg = Release|Any CPU
		{B7705B84-3869-4478-BA2C-9D7C3A201BD1}.Release|Any CPU.Build.0 = Release|Any CPU
		{BDE3E79C-DFDE-4AEC-920C-10A497D98888}.Debug|Any CPU.ActiveCfg = Debug|Any CPU
		{BDE3E79C-DFDE-4AEC-920C-10A497D98888}.Debug|Any CPU.Build.0 = Debug|Any CPU
		{BDE3E79C-DFDE-4AEC-920C-10A497D98888}.Release|Any CPU.ActiveCfg = Release|Any CPU
		{BDE3E79C-DFDE-4AEC-920C-10A497D98888}.Release|Any CPU.Build.0 = Release|Any CPU
	EndGlobalSection
	GlobalSection(SolutionProperties) = preSolution
		HideSolutionNode = FALSE
	EndGlobalSection
	GlobalSection(ExtensibilityGlobals) = postSolution
		SolutionGuid = {3B336D9D-C2A0-443B-97D6-301D4E2CD38E}
	EndGlobalSection
EndGlobal
